#MicroXplorer Configuration settings - do not modify
Dma.Request0=TIM3_CH4/UP
Dma.RequestsNb=1
Dma.TIM3_CH4/UP.0.Direction=DMA_PERIPH_TO_MEMORY
Dma.TIM3_CH4/UP.0.Instance=DMA1_Channel3
Dma.TIM3_CH4/UP.0.MemDataAlignment=DMA_MDATAALIGN_BYTE
Dma.TIM3_CH4/UP.0.MemInc=DMA_MINC_ENABLE
Dma.TIM3_CH4/UP.0.Mode=DMA_NORMAL
Dma.TIM3_CH4/UP.0.PeriphDataAlignment=DMA_PDATAALIGN_BYTE
Dma.TIM3_CH4/UP.0.PeriphInc=DMA_PINC_DISABLE
Dma.TIM3_CH4/UP.0.Priority=DMA_PRIORITY_LOW
Dma.TIM3_CH4/UP.0.RequestParameters=Instance,Direction,PeriphInc,MemInc,PeriphDataAlignment,MemDataAlignment,Mode,Priority
File.Version=6
GPIO.groupedBy=
KeepUserPlacement=false
Mcu.Family=STM32F0
Mcu.IP0=ADC
Mcu.IP1=CRC
Mcu.IP2=DMA
Mcu.IP3=NVIC
Mcu.IP4=RCC
Mcu.IP5=SYS
Mcu.IP6=TIM2
Mcu.IP7=TIM3
Mcu.IP8=USART1
Mcu.IPNb=9
Mcu.Name=STM32F051K6Ux
Mcu.Package=UFQFPN32
Mcu.Pin0=PF0-OSC_IN
Mcu.Pin1=PF1-OSC_OUT
Mcu.Pin10=VP_SYS_VS_Systick
Mcu.Pin11=VP_TIM2_VS_ControllerModeReset
Mcu.Pin12=VP_TIM2_VS_ClockSourceINT
Mcu.Pin2=PA4
Mcu.Pin3=PA6
Mcu.Pin4=PA9
Mcu.Pin5=PA10
Mcu.Pin6=PA13
Mcu.Pin7=PA14
Mcu.Pin8=PB3
Mcu.Pin9=VP_CRC_VS_CRC
Mcu.PinsNb=13
Mcu.ThirdPartyNb=0
Mcu.UserConstants=
Mcu.UserName=STM32F051K6Ux
MxCube.Version=5.6.0
MxDb.Version=DB.5.0.60
NVIC.DMA1_Channel2_3_IRQn=true\:0\:0\:false\:false\:true\:false\:true
NVIC.ForceEnableDMAVector=true
NVIC.HardFault_IRQn=true\:0\:0\:false\:false\:true\:false\:false
NVIC.NonMaskableInt_IRQn=true\:0\:0\:false\:false\:true\:false\:false
NVIC.PendSV_IRQn=true\:0\:0\:false\:false\:true\:false\:false
NVIC.SVC_IRQn=true\:0\:0\:false\:false\:true\:false\:false
NVIC.SysTick_IRQn=true\:0\:0\:false\:false\:true\:false\:true
PA10.Mode=Asynchronous
PA10.Signal=USART1_RX
PA13.Mode=Serial_Wire
PA13.Signal=SYS_SWDIO
PA14.Mode=Serial_Wire
PA14.Signal=SYS_SWCLK
PA4.Locked=true
PA4.Mode=IN4
PA4.Signal=ADC_IN4
PA6.Signal=S_TIM3_CH1
PA9.Mode=Asynchronous
PA9.Signal=USART1_TX
PB3.Locked=true
PB3.Signal=S_TIM2_CH2
PF0-OSC_IN.Mode=HSE-External-Oscillator
PF0-OSC_IN.Signal=RCC_OSC_IN
PF1-OSC_OUT.Mode=HSE-External-Oscillator
PF1-OSC_OUT.Signal=RCC_OSC_OUT
PinOutPanel.RotationAngle=0
ProjectManager.AskForMigrate=true
ProjectManager.BackupPrevious=false
ProjectManager.CompilerOptimize=6
ProjectManager.ComputerToolchain=false
ProjectManager.CoupleFile=false
ProjectManager.CustomerFirmwarePackage=
ProjectManager.DefaultFWLocation=true
ProjectManager.DeletePrevious=true
ProjectManager.DeviceId=STM32F051K6Ux
ProjectManager.FirmwarePackage=STM32Cube FW_F0 V1.11.0
ProjectManager.FreePins=false
ProjectManager.HalAssertFull=false
ProjectManager.HeapSize=0x200
ProjectManager.KeepUserCode=true
ProjectManager.LastFirmware=true
ProjectManager.LibraryCopy=0
ProjectManager.MainLocation=Src
ProjectManager.NoMain=false
ProjectManager.PreviousToolchain=
ProjectManager.ProjectBuild=false
ProjectManager.ProjectFileName=POV_Cube.ioc
ProjectManager.ProjectName=POV_Cube
ProjectManager.StackSize=0x400
ProjectManager.TargetToolchain=EWARM V8.32
ProjectManager.ToolChainLocation=
ProjectManager.UnderRoot=false
ProjectManager.functionlistsort=
RCC.CECFreq_Value=32786.88524590164
RCC.FamilyName=M
RCC.HSICECFreq_Value=32786.88524590164
RCC.IPParameters=CECFreq_Value,FamilyName,HSICECFreq_Value,PLLCLKFreq_Value,PLLMCOFreq_Value,TimSysFreq_Value
RCC.PLLCLKFreq_Value=8000000
RCC.PLLMCOFreq_Value=4000000
RCC.TimSysFreq_Value=8000000
SH.S_TIM2_CH2.0=TIM2_CH2,Input_Capture2_from_TI2
SH.S_TIM2_CH2.1=TIM2_CH2,TriggerSource_TI2FP2
SH.S_TIM2_CH2.ConfNb=2
SH.S_TIM3_CH1.0=TIM3_CH1,PWM Generation1 CH1
SH.S_TIM3_CH1.ConfNb=1
TIM2.Channel-Input_Capture2_from_TI2=TIM_CHANNEL_2
TIM2.IPParameters=Channel-Input_Capture2_from_TI2
TIM3.Channel-PWM\ Generation1\ CH1=TIM_CHANNEL_1
TIM3.IPParameters=Channel-PWM Generation1 CH1
USART1.IPParameters=VirtualMode-Asynchronous
USART1.VirtualMode-Asynchronous=VM_ASYNC
VP_CRC_VS_CRC.Mode=CRC_Activate
VP_CRC_VS_CRC.Signal=CRC_VS_CRC
VP_SYS_VS_Systick.Mode=SysTick
VP_SYS_VS_Systick.Signal=SYS_VS_Systick
VP_TIM2_VS_ClockSourceINT.Mode=Internal
VP_TIM2_VS_ClockSourceINT.Signal=TIM2_VS_ClockSourceINT
VP_TIM2_VS_ControllerModeReset.Mode=Reset Mode
VP_TIM2_VS_ControllerModeReset.Signal=TIM2_VS_ControllerModeReset
board=custom
